
Microsoft Visual Studio Solution File, Format Version 12.00
# Visual Studio Version 16
VisualStudioVersion = 16.0.28803.202
MinimumVisualStudioVersion = 10.0.40219.1
Project("{FAE04EC0-301F-11D3-BF4B-00C04F79EFBC}") = "VPKSoft.SearchText", "VPKSoft.SearchText.csproj", "{CC98C978-AB71-45C6-A679-774227B37073}"
EndProject
Project("{FAE04EC0-301F-11D3-BF4B-00C04F79EFBC}") = "TestApp", "TestApp\WindowsFormsApp1\TestApp.csproj", "{1DF9FF41-9990-4183-B626-72B82988E8C9}"
EndProject
Global
	GlobalSection(SolutionConfigurationPlatforms) = preSolution
		Debug|Any CPU = Debug|Any CPU
		Release|Any CPU = Release|Any CPU
	EndGlobalSection
	GlobalSection(ProjectConfigurationPlatforms) = postSolution
		{CC98C978-AB71-45C6-A679-774227B37073}.Debug|Any CPU.ActiveCfg = Debug|Any CPU
		{CC98C978-AB71-45C6-A679-774227B37073}.Debug|Any CPU.Build.0 = Debug|Any CPU
		{CC98C978-AB71-45C6-A679-774227B37073}.Release|Any CPU.ActiveCfg = Release|Any CPU
		{CC98C978-AB71-45C6-A679-774227B37073}.Release|Any CPU.Build.0 = Release|Any CPU
		{1DF9FF41-9990-4183-B626-72B82988E8C9}.Debug|Any CPU.ActiveCfg = Debug|Any CPU
		{1DF9FF41-9990-4183-B626-72B82988E8C9}.Debug|Any CPU.Build.0 = Debug|Any CPU
		{1DF9FF41-9990-4183-B626-72B82988E8C9}.Release|Any CPU.ActiveCfg = Release|Any CPU
		{1DF9FF41-9990-4183-B626-72B82988E8C9}.Release|Any CPU.Build.0 = Release|Any CPU
	EndGlobalSection
	GlobalSection(SolutionProperties) = preSolution
		HideSolutionNode = FALSE
	EndGlobalSection
	GlobalSection(ExtensibilityGlobals) = postSolution
		SolutionGuid = {D769D3E6-BD14-4EBC-A245-AA65BA8C17B7}
	EndGlobalSection
EndGlobal
