
Microsoft Visual Studio Solution File, Format Version 12.00
# Visual Studio Version 16
VisualStudioVersion = 16.0.28803.202
MinimumVisualStudioVersion = 10.0.40219.1
Project("{9A19103F-16F7-4668-BE54-9A1E7A4F7556}") = "VPKSoft.SearchText", "VPKSoft.SearchText\VPKSoft.SearchText.csproj", "{E49E7A30-C632-4009-903A-3E1831268CCE}"
EndProject
Project("{9A19103F-16F7-4668-BE54-9A1E7A4F7556}") = "TestApp", "TestApp\TestApp.csproj", "{32F43B7A-7997-4508-BCD7-176BC719C2F2}"
EndProject
Global
	GlobalSection(SolutionConfigurationPlatforms) = preSolution
		Debug|Any CPU = Debug|Any CPU
		Release|Any CPU = Release|Any CPU
	EndGlobalSection
	GlobalSection(ProjectConfigurationPlatforms) = postSolution
		{E49E7A30-C632-4009-903A-3E1831268CCE}.Debug|Any CPU.ActiveCfg = Debug|Any CPU
		{E49E7A30-C632-4009-903A-3E1831268CCE}.Debug|Any CPU.Build.0 = Debug|Any CPU
		{E49E7A30-C632-4009-903A-3E1831268CCE}.Release|Any CPU.ActiveCfg = Release|Any CPU
		{E49E7A30-C632-4009-903A-3E1831268CCE}.Release|Any CPU.Build.0 = Release|Any CPU
		{32F43B7A-7997-4508-BCD7-176BC719C2F2}.Debug|Any CPU.ActiveCfg = Debug|Any CPU
		{32F43B7A-7997-4508-BCD7-176BC719C2F2}.Debug|Any CPU.Build.0 = Debug|Any CPU
		{32F43B7A-7997-4508-BCD7-176BC719C2F2}.Release|Any CPU.ActiveCfg = Release|Any CPU
		{32F43B7A-7997-4508-BCD7-176BC719C2F2}.Release|Any CPU.Build.0 = Release|Any CPU
	EndGlobalSection
	GlobalSection(SolutionProperties) = preSolution
		HideSolutionNode = FALSE
	EndGlobalSection
	GlobalSection(ExtensibilityGlobals) = postSolution
		SolutionGuid = {D769D3E6-BD14-4EBC-A245-AA65BA8C17B7}
	EndGlobalSection
EndGlobal
